
Microsoft Visual Studio Solution File, Format Version 12.00
# Visual Studio Version 17
VisualStudioVersion = 17.9.34728.123
MinimumVisualStudioVersion = 10.0.40219.1
Project("{FAE04EC0-301F-11D3-BF4B-00C04F79EFBC}") = "Aula10", "Aula10.csproj", "{5B047B21-B653-41E6-8D77-21C82C75459B}"
EndProject
Global
	GlobalSection(SolutionConfigurationPlatforms) = preSolution
		Debug|Any CPU = Debug|Any CPU
		Release|Any CPU = Release|Any CPU
	EndGlobalSection
	GlobalSection(ProjectConfigurationPlatforms) = postSolution
		{5B047B21-B653-41E6-8D77-21C82C75459B}.Debug|Any CPU.ActiveCfg = Debug|Any CPU
		{5B047B21-B653-41E6-8D77-21C82C75459B}.Debug|Any CPU.Build.0 = Debug|Any CPU
		{5B047B21-B653-41E6-8D77-21C82C75459B}.Release|Any CPU.ActiveCfg = Release|Any CPU
		{5B047B21-B653-41E6-8D77-21C82C75459B}.Release|Any CPU.Build.0 = Release|Any CPU
	EndGlobalSection
	GlobalSection(SolutionProperties) = preSolution
		HideSolutionNode = FALSE
	EndGlobalSection
	GlobalSection(ExtensibilityGlobals) = postSolution
		SolutionGuid = {9DB1542B-37BC-4B87-A2F5-B2BE1B9DBB4A}
	EndGlobalSection
EndGlobal
