
Microsoft Visual Studio Solution File, Format Version 12.00
# Visual Studio Version 17
VisualStudioVersion = 17.9.34728.123
MinimumVisualStudioVersion = 10.0.40219.1
Project("{FAE04EC0-301F-11D3-BF4B-00C04F79EFBC}") = "Aula0", "Aula0.csproj", "{9440D18F-3BB8-4A7A-9C82-48A579BB94D3}"
EndProject
Global
	GlobalSection(SolutionConfigurationPlatforms) = preSolution
		Debug|Any CPU = Debug|Any CPU
		Release|Any CPU = Release|Any CPU
	EndGlobalSection
	GlobalSection(ProjectConfigurationPlatforms) = postSolution
		{9440D18F-3BB8-4A7A-9C82-48A579BB94D3}.Debug|Any CPU.ActiveCfg = Debug|Any CPU
		{9440D18F-3BB8-4A7A-9C82-48A579BB94D3}.Debug|Any CPU.Build.0 = Debug|Any CPU
		{9440D18F-3BB8-4A7A-9C82-48A579BB94D3}.Release|Any CPU.ActiveCfg = Release|Any CPU
		{9440D18F-3BB8-4A7A-9C82-48A579BB94D3}.Release|Any CPU.Build.0 = Release|Any CPU
	EndGlobalSection
	GlobalSection(SolutionProperties) = preSolution
		HideSolutionNode = FALSE
	EndGlobalSection
	GlobalSection(ExtensibilityGlobals) = postSolution
		SolutionGuid = {12800D93-52BD-4493-8635-059E2BC42399}
	EndGlobalSection
EndGlobal
