
Microsoft Visual Studio Solution File, Format Version 12.00
# Visual Studio Version 17
VisualStudioVersion = 17.9.34728.123
MinimumVisualStudioVersion = 10.0.40219.1
Project("{FAE04EC0-301F-11D3-BF4B-00C04F79EFBC}") = "Aula17", "Aula17.csproj", "{3009176B-4365-43FD-9394-2F7AB78FD146}"
EndProject
Global
	GlobalSection(SolutionConfigurationPlatforms) = preSolution
		Debug|Any CPU = Debug|Any CPU
		Release|Any CPU = Release|Any CPU
	EndGlobalSection
	GlobalSection(ProjectConfigurationPlatforms) = postSolution
		{3009176B-4365-43FD-9394-2F7AB78FD146}.Debug|Any CPU.ActiveCfg = Debug|Any CPU
		{3009176B-4365-43FD-9394-2F7AB78FD146}.Debug|Any CPU.Build.0 = Debug|Any CPU
		{3009176B-4365-43FD-9394-2F7AB78FD146}.Release|Any CPU.ActiveCfg = Release|Any CPU
		{3009176B-4365-43FD-9394-2F7AB78FD146}.Release|Any CPU.Build.0 = Release|Any CPU
	EndGlobalSection
	GlobalSection(SolutionProperties) = preSolution
		HideSolutionNode = FALSE
	EndGlobalSection
	GlobalSection(ExtensibilityGlobals) = postSolution
		SolutionGuid = {DC135E9A-D403-4EB0-A2EC-9F174BFCC8A8}
	EndGlobalSection
EndGlobal
