
Microsoft Visual Studio Solution File, Format Version 12.00
# Visual Studio Version 17
VisualStudioVersion = 17.9.34728.123
MinimumVisualStudioVersion = 10.0.40219.1
Project("{FAE04EC0-301F-11D3-BF4B-00C04F79EFBC}") = "Aula24", "Aula24.csproj", "{FE340BAF-867F-431B-8F72-428126C78EDE}"
EndProject
Global
	GlobalSection(SolutionConfigurationPlatforms) = preSolution
		Debug|Any CPU = Debug|Any CPU
		Release|Any CPU = Release|Any CPU
	EndGlobalSection
	GlobalSection(ProjectConfigurationPlatforms) = postSolution
		{FE340BAF-867F-431B-8F72-428126C78EDE}.Debug|Any CPU.ActiveCfg = Debug|Any CPU
		{FE340BAF-867F-431B-8F72-428126C78EDE}.Debug|Any CPU.Build.0 = Debug|Any CPU
		{FE340BAF-867F-431B-8F72-428126C78EDE}.Release|Any CPU.ActiveCfg = Release|Any CPU
		{FE340BAF-867F-431B-8F72-428126C78EDE}.Release|Any CPU.Build.0 = Release|Any CPU
	EndGlobalSection
	GlobalSection(SolutionProperties) = preSolution
		HideSolutionNode = FALSE
	EndGlobalSection
	GlobalSection(ExtensibilityGlobals) = postSolution
		SolutionGuid = {C9711AF9-D34D-476F-B0B6-19386FBE4730}
	EndGlobalSection
EndGlobal
