
Microsoft Visual Studio Solution File, Format Version 12.00
# Visual Studio Version 17
VisualStudioVersion = 17.9.34728.123
MinimumVisualStudioVersion = 10.0.40219.1
Project("{FAE04EC0-301F-11D3-BF4B-00C04F79EFBC}") = "Aula19", "Aula19.csproj", "{15EB0D84-7DF4-4015-AC03-3733829E19F5}"
EndProject
Global
	GlobalSection(SolutionConfigurationPlatforms) = preSolution
		Debug|Any CPU = Debug|Any CPU
		Release|Any CPU = Release|Any CPU
	EndGlobalSection
	GlobalSection(ProjectConfigurationPlatforms) = postSolution
		{15EB0D84-7DF4-4015-AC03-3733829E19F5}.Debug|Any CPU.ActiveCfg = Debug|Any CPU
		{15EB0D84-7DF4-4015-AC03-3733829E19F5}.Debug|Any CPU.Build.0 = Debug|Any CPU
		{15EB0D84-7DF4-4015-AC03-3733829E19F5}.Release|Any CPU.ActiveCfg = Release|Any CPU
		{15EB0D84-7DF4-4015-AC03-3733829E19F5}.Release|Any CPU.Build.0 = Release|Any CPU
	EndGlobalSection
	GlobalSection(SolutionProperties) = preSolution
		HideSolutionNode = FALSE
	EndGlobalSection
	GlobalSection(ExtensibilityGlobals) = postSolution
		SolutionGuid = {20939F69-47F7-4C2B-BCEA-150AD3C742C1}
	EndGlobalSection
EndGlobal
