
Microsoft Visual Studio Solution File, Format Version 12.00
# Visual Studio Version 17
VisualStudioVersion = 17.9.34728.123
MinimumVisualStudioVersion = 10.0.40219.1
Project("{FAE04EC0-301F-11D3-BF4B-00C04F79EFBC}") = "Aula02", "Aula02.csproj", "{EA28FD98-CF5C-46C4-8EF5-E67472959F2E}"
EndProject
Global
	GlobalSection(SolutionConfigurationPlatforms) = preSolution
		Debug|Any CPU = Debug|Any CPU
		Release|Any CPU = Release|Any CPU
	EndGlobalSection
	GlobalSection(ProjectConfigurationPlatforms) = postSolution
		{EA28FD98-CF5C-46C4-8EF5-E67472959F2E}.Debug|Any CPU.ActiveCfg = Debug|Any CPU
		{EA28FD98-CF5C-46C4-8EF5-E67472959F2E}.Debug|Any CPU.Build.0 = Debug|Any CPU
		{EA28FD98-CF5C-46C4-8EF5-E67472959F2E}.Release|Any CPU.ActiveCfg = Release|Any CPU
		{EA28FD98-CF5C-46C4-8EF5-E67472959F2E}.Release|Any CPU.Build.0 = Release|Any CPU
	EndGlobalSection
	GlobalSection(SolutionProperties) = preSolution
		HideSolutionNode = FALSE
	EndGlobalSection
	GlobalSection(ExtensibilityGlobals) = postSolution
		SolutionGuid = {1AA5C90F-AF65-4998-B328-2D293D33FD39}
	EndGlobalSection
EndGlobal
