
Microsoft Visual Studio Solution File, Format Version 12.00
# Visual Studio Version 17
VisualStudioVersion = 17.9.34728.123
MinimumVisualStudioVersion = 10.0.40219.1
Project("{FAE04EC0-301F-11D3-BF4B-00C04F79EFBC}") = "Aula05", "Aula05.csproj", "{2C173EF9-D646-4F4E-BA74-487D89A3F611}"
EndProject
Global
	GlobalSection(SolutionConfigurationPlatforms) = preSolution
		Debug|Any CPU = Debug|Any CPU
		Release|Any CPU = Release|Any CPU
	EndGlobalSection
	GlobalSection(ProjectConfigurationPlatforms) = postSolution
		{2C173EF9-D646-4F4E-BA74-487D89A3F611}.Debug|Any CPU.ActiveCfg = Debug|Any CPU
		{2C173EF9-D646-4F4E-BA74-487D89A3F611}.Debug|Any CPU.Build.0 = Debug|Any CPU
		{2C173EF9-D646-4F4E-BA74-487D89A3F611}.Release|Any CPU.ActiveCfg = Release|Any CPU
		{2C173EF9-D646-4F4E-BA74-487D89A3F611}.Release|Any CPU.Build.0 = Release|Any CPU
	EndGlobalSection
	GlobalSection(SolutionProperties) = preSolution
		HideSolutionNode = FALSE
	EndGlobalSection
	GlobalSection(ExtensibilityGlobals) = postSolution
		SolutionGuid = {42C5E72B-ACB9-47A9-A941-C9B9FBE390DF}
	EndGlobalSection
EndGlobal
