
Microsoft Visual Studio Solution File, Format Version 12.00
# Visual Studio Version 17
VisualStudioVersion = 17.9.34728.123
MinimumVisualStudioVersion = 10.0.40219.1
Project("{FAE04EC0-301F-11D3-BF4B-00C04F79EFBC}") = "Aula09", "Aula09.csproj", "{CF0D5EF6-3110-4745-821F-B8FC78404B47}"
EndProject
Global
	GlobalSection(SolutionConfigurationPlatforms) = preSolution
		Debug|Any CPU = Debug|Any CPU
		Release|Any CPU = Release|Any CPU
	EndGlobalSection
	GlobalSection(ProjectConfigurationPlatforms) = postSolution
		{CF0D5EF6-3110-4745-821F-B8FC78404B47}.Debug|Any CPU.ActiveCfg = Debug|Any CPU
		{CF0D5EF6-3110-4745-821F-B8FC78404B47}.Debug|Any CPU.Build.0 = Debug|Any CPU
		{CF0D5EF6-3110-4745-821F-B8FC78404B47}.Release|Any CPU.ActiveCfg = Release|Any CPU
		{CF0D5EF6-3110-4745-821F-B8FC78404B47}.Release|Any CPU.Build.0 = Release|Any CPU
	EndGlobalSection
	GlobalSection(SolutionProperties) = preSolution
		HideSolutionNode = FALSE
	EndGlobalSection
	GlobalSection(ExtensibilityGlobals) = postSolution
		SolutionGuid = {F7ACCE7C-0D2D-4AD7-9756-1A968DCFBC74}
	EndGlobalSection
EndGlobal
