
Microsoft Visual Studio Solution File, Format Version 12.00
# Visual Studio Version 17
VisualStudioVersion = 17.9.34728.123
MinimumVisualStudioVersion = 10.0.40219.1
Project("{FAE04EC0-301F-11D3-BF4B-00C04F79EFBC}") = "Aula26", "Aula26.csproj", "{9B0AF1E2-26A3-4061-9955-AFB8135D537D}"
EndProject
Global
	GlobalSection(SolutionConfigurationPlatforms) = preSolution
		Debug|Any CPU = Debug|Any CPU
		Release|Any CPU = Release|Any CPU
	EndGlobalSection
	GlobalSection(ProjectConfigurationPlatforms) = postSolution
		{9B0AF1E2-26A3-4061-9955-AFB8135D537D}.Debug|Any CPU.ActiveCfg = Debug|Any CPU
		{9B0AF1E2-26A3-4061-9955-AFB8135D537D}.Debug|Any CPU.Build.0 = Debug|Any CPU
		{9B0AF1E2-26A3-4061-9955-AFB8135D537D}.Release|Any CPU.ActiveCfg = Release|Any CPU
		{9B0AF1E2-26A3-4061-9955-AFB8135D537D}.Release|Any CPU.Build.0 = Release|Any CPU
	EndGlobalSection
	GlobalSection(SolutionProperties) = preSolution
		HideSolutionNode = FALSE
	EndGlobalSection
	GlobalSection(ExtensibilityGlobals) = postSolution
		SolutionGuid = {70D802FA-2CB8-41A8-A1C4-672D00E8FC45}
	EndGlobalSection
EndGlobal
